
Microsoft Visual Studio Solution File, Format Version 12.00
# Visual Studio Version 17
VisualStudioVersion = 17.6.33513.286
MinimumVisualStudioVersion = 10.0.40219.1
Project("{9A19103F-16F7-4668-BE54-9A1E7A4F7556}") = "Odem.WebAPI", "Odem.WebAPI.csproj", "{96E644D8-D5EC-4357-B5F7-70470FE17EAC}"
EndProject
Global
	GlobalSection(SolutionConfigurationPlatforms) = preSolution
		Debug|Any CPU = Debug|Any CPU
		Release|Any CPU = Release|Any CPU
	EndGlobalSection
	GlobalSection(ProjectConfigurationPlatforms) = postSolution
		{96E644D8-D5EC-4357-B5F7-70470FE17EAC}.Debug|Any CPU.ActiveCfg = Debug|Any CPU
		{96E644D8-D5EC-4357-B5F7-70470FE17EAC}.Debug|Any CPU.Build.0 = Debug|Any CPU
		{96E644D8-D5EC-4357-B5F7-70470FE17EAC}.Release|Any CPU.ActiveCfg = Release|Any CPU
		{96E644D8-D5EC-4357-B5F7-70470FE17EAC}.Release|Any CPU.Build.0 = Release|Any CPU
		{96E644D8-D5EC-4357-B5F7-70470FE17EAC}.Release|Any CPU.Deploy.0 = Release|Any CPU
	EndGlobalSection
	GlobalSection(SolutionProperties) = preSolution
		HideSolutionNode = FALSE
	EndGlobalSection
	GlobalSection(ExtensibilityGlobals) = postSolution
		SolutionGuid = {5393F0C5-CC0D-46E0-A58C-A836BBFAD3A9}
	EndGlobalSection
EndGlobal
