
Microsoft Visual Studio Solution File, Format Version 12.00
Project("{FAE04EC0-301F-11D3-BF4B-00C04F79EFBC}") = "Odem.WebAPI", "Odem.WebAPI.csproj", "{96E644D8-D5EC-4357-B5F7-70470FE17EAC}"
EndProject
Global
	GlobalSection(SolutionConfigurationPlatforms) = preSolution
		Debug|Any CPU = Debug|Any CPU
		Release|Any CPU = Release|Any CPU
	EndGlobalSection
	GlobalSection(ProjectConfigurationPlatforms) = postSolution
		{96E644D8-D5EC-4357-B5F7-70470FE17EAC}.Debug|Any CPU.ActiveCfg = Debug|Any CPU
		{96E644D8-D5EC-4357-B5F7-70470FE17EAC}.Debug|Any CPU.Build.0 = Debug|Any CPU
		{96E644D8-D5EC-4357-B5F7-70470FE17EAC}.Release|Any CPU.ActiveCfg = Release|Any CPU
		{96E644D8-D5EC-4357-B5F7-70470FE17EAC}.Release|Any CPU.Build.0 = Release|Any CPU
	EndGlobalSection
EndGlobal
